# This file is automatically @generated by Cargo.
# It is not intended for manual editing.
version = 4

[[package]]
name = "arrayvec"
version = "0.7.8"
source = "registry+https://github.com/rust-lang/crates.io-index"
checksum = "d3fb67a6e08acf24fdeccbac2cb6ac4305825bd1f117462e0e6f2f193345ad56"

[[package]]
name = "esphome-time-discipline"
version = "0.0.0"
dependencies = [
 "statime-algo",
 "statime-base",
]

[[package]]
name = "libm"
version = "0.2.16"
source = "registry+https://github.com/rust-lang/crates.io-index"
checksum = "b6d2cec3eae94f9f509c767b45932f1ada8350c4bdb85af2fcab4a3c14807981"

[[package]]
name = "log"
version = "0.4.34"
source = "registry+https://github.com/rust-lang/crates.io-index"
checksum = "f9f8bd3e56ce4dfc153cf470fffbfa98c7620958b312ca5c3a4b8d5181fd13c6"

[[package]]
name = "statime-algo"
version = "2.0.0-alpha.20260715"
source = "git+https://github.com/Nebensound/ntpd-rs?rev=cc188798d01ec7546b5dc6f17bf22791bf96df20#cc188798d01ec7546b5dc6f17bf22791bf96df20"
dependencies = [
 "arrayvec",
 "libm",
 "log",
 "statime-base",
]

[[package]]
name = "statime-base"
version = "2.0.0-alpha.20260715"
source = "git+https://github.com/Nebensound/ntpd-rs?rev=cc188798d01ec7546b5dc6f17bf22791bf96df20#cc188798d01ec7546b5dc6f17bf22791bf96df20"
dependencies = [
 "libm",
]
